{
  "lockfile_version": "1",
  "packages": {
    "awscli2@latest": {
      "last_modified": "2025-12-16T16:49:59Z",
      "resolved": "github:NixOS/nixpkgs/e8d16d2186d6ed9f047eb30948e97e7e01886d10#awscli2",
      "source": "devbox-search",
      "version": "2.32.15",
      "systems": {
        "aarch64-darwin": {
          "outputs": [
            {
              "name": "out",
              "path": "/nix/store/6f7p1z11mkpyr14w0sqa4pp0abzsxf1i-awscli2-2.32.15",
              "default": true
            },
            {
              "name": "dist",
              "path": "/nix/store/pghfh6i3j1a51qklqbx2vv4hsh1k4nix-awscli2-2.32.15-dist"
            }
          ],
          "store_path": "/nix/store/6f7p1z11mkpyr14w0sqa4pp0abzsxf1i-awscli2-2.32.15"
        },
        "aarch64-linux": {
          "outputs": [
            {
              "name": "out",
              "path": "/nix/store/3yb7mw8ky7iqvwl9j7qj1y571vx6nj4w-awscli2-2.32.15",
              "default": true
            },
            {
              "name": "dist",
              "path": "/nix/store/216lkwwawal144x1mlkawxsgr92hz02g-awscli2-2.32.15-dist"
            }
          ],
          "store_path": "/nix/store/3yb7mw8ky7iqvwl9j7qj1y571vx6nj4w-awscli2-2.32.15"
        },
        "x86_64-darwin": {
          "outputs": [
            {
              "name": "out",
              "path": "/nix/store/di1h7fnh74hyg8ym3z6xjff4rgr4rmxa-awscli2-2.32.15",
              "default": true
            },
            {
              "name": "dist",
              "path": "/nix/store/ynjbq246aza1qvlrdi637s4ylqdrypxl-awscli2-2.32.15-dist"
            }
          ],
          "store_path": "/nix/store/di1h7fnh74hyg8ym3z6xjff4rgr4rmxa-awscli2-2.32.15"
        },
        "x86_64-linux": {
          "outputs": [
            {
              "name": "out",
              "path": "/nix/store/7kasqynx7rv1imipzwm29k67rfjg0y88-awscli2-2.32.15",
              "default": true
            },
            {
              "name": "dist",
              "path": "/nix/store/54zpz7s35bgh5pz8f05ml5w74fizqdv7-awscli2-2.32.15-dist"
            }
          ],
          "store_path": "/nix/store/7kasqynx7rv1imipzwm29k67rfjg0y88-awscli2-2.32.15"
        }
      }
    },
    "github:NixOS/nixpkgs/nixpkgs-unstable": {
      "last_modified": "2025-12-16T16:49:59Z",
      "resolved": "github:NixOS/nixpkgs/e8d16d2186d6ed9f047eb30948e97e7e01886d10?lastModified=1765903799"
    },
    "jdk17@latest": {
      "last_modified": "2025-10-22T20:59:19Z",
      "resolved": "github:NixOS/nixpkgs/01b6809f7f9d1183a2b3e081f0a1e6f8f415cb09#jdk17",
      "source": "devbox-search",
      "version": "17.0.12",
      "systems": {
        "aarch64-darwin": {
          "outputs": [
            {
              "name": "out",
              "path": "/nix/store/hlm8a8cnp4hm8xkg0a2yy4kv7cq44jii-zulu-ca-jdk-17.0.12",
              "default": true
            }
          ],
          "store_path": "/nix/store/hlm8a8cnp4hm8xkg0a2yy4kv7cq44jii-zulu-ca-jdk-17.0.12"
        },
        "x86_64-darwin": {
          "outputs": [
            {
              "name": "out",
              "path": "/nix/store/i4zgq9685y6284hbf5a7ac9ysb88dvlz-zulu-ca-jdk-17.0.12",
              "default": true
            }
          ],
          "store_path": "/nix/store/i4zgq9685y6284hbf5a7ac9ysb88dvlz-zulu-ca-jdk-17.0.12"
        }
      }
    },
    "terraform@latest": {
      "last_modified": "2025-12-13T16:46:16Z",
      "resolved": "github:NixOS/nixpkgs/23735a82a828372c4ef92c660864e82fbe2f5fbe#terraform",
      "source": "devbox-search",
      "version": "1.14.2",
      "systems": {
        "aarch64-darwin": {
          "outputs": [
            {
              "name": "out",
              "path": "/nix/store/9rzjvdbhhsnla339zg7d6jslxwpxgbi8-terraform-1.14.2",
              "default": true
            }
          ],
          "store_path": "/nix/store/9rzjvdbhhsnla339zg7d6jslxwpxgbi8-terraform-1.14.2"
        },
        "aarch64-linux": {
          "outputs": [
            {
              "name": "out",
              "path": "/nix/store/5jh44gnqsa8sqjfz36v3zgngzh4lr3vs-terraform-1.14.2",
              "default": true
            }
          ],
          "store_path": "/nix/store/5jh44gnqsa8sqjfz36v3zgngzh4lr3vs-terraform-1.14.2"
        },
        "x86_64-darwin": {
          "outputs": [
            {
              "name": "out",
              "path": "/nix/store/g3mfj7phkwsk37ca2qp2wqq07gd002p2-terraform-1.14.2",
              "default": true
            }
          ],
          "store_path": "/nix/store/g3mfj7phkwsk37ca2qp2wqq07gd002p2-terraform-1.14.2"
        },
        "x86_64-linux": {
          "outputs": [
            {
              "name": "out",
              "path": "/nix/store/2wljmzh52119cvvx8ys212xzhkzpagpq-terraform-1.14.2",
              "default": true
            }
          ],
          "store_path": "/nix/store/2wljmzh52119cvvx8ys212xzhkzpagpq-terraform-1.14.2"
        }
      }
    }
  }
}
